
Microsoft Visual Studio Solution File, Format Version 12.00
# Visual Studio Version 17
VisualStudioVersion = 17.10.35013.160
MinimumVisualStudioVersion = 10.0.40219.1
Project("{888888A0-9F3D-457C-B088-3A5042F75D52}") = "RendererOpenGL", "RendererOpenGL\RendererOpenGL.pyproj", "{A0061CC4-A020-4151-8F73-E9DFA7D697F8}"
EndProject
Global
	GlobalSection(SolutionConfigurationPlatforms) = preSolution
		Debug|Any CPU = Debug|Any CPU
		Release|Any CPU = Release|Any CPU
	EndGlobalSection
	GlobalSection(ProjectConfigurationPlatforms) = postSolution
		{A0061CC4-A020-4151-8F73-E9DFA7D697F8}.Debug|Any CPU.ActiveCfg = Debug|Any CPU
		{A0061CC4-A020-4151-8F73-E9DFA7D697F8}.Release|Any CPU.ActiveCfg = Release|Any CPU
	EndGlobalSection
	GlobalSection(SolutionProperties) = preSolution
		HideSolutionNode = FALSE
	EndGlobalSection
	GlobalSection(ExtensibilityGlobals) = postSolution
		SolutionGuid = {6885BE1C-9115-4E1A-A34F-2503394F14B3}
	EndGlobalSection
EndGlobal
